
Microsoft Visual Studio Solution File, Format Version 12.00
# Visual Studio Version 17
VisualStudioVersion = 17.13.35919.96 d17.13
MinimumVisualStudioVersion = 10.0.40219.1
Project("{FAE04EC0-301F-11D3-BF4B-00C04F79EFBC}") = "Tests", "Tests\Tests.csproj", "{C6AAD43E-2208-4376-B376-B92C28F816AA}"
EndProject
Global
	GlobalSection(SolutionConfigurationPlatforms) = preSolution
		Debug|Any CPU = Debug|Any CPU
		Release|Any CPU = Release|Any CPU
	EndGlobalSection
	GlobalSection(ProjectConfigurationPlatforms) = postSolution
		{C6AAD43E-2208-4376-B376-B92C28F816AA}.Debug|Any CPU.ActiveCfg = Debug|Any CPU
		{C6AAD43E-2208-4376-B376-B92C28F816AA}.Debug|Any CPU.Build.0 = Debug|Any CPU
		{C6AAD43E-2208-4376-B376-B92C28F816AA}.Release|Any CPU.ActiveCfg = Release|Any CPU
		{C6AAD43E-2208-4376-B376-B92C28F816AA}.Release|Any CPU.Build.0 = Release|Any CPU
	EndGlobalSection
	GlobalSection(SolutionProperties) = preSolution
		HideSolutionNode = FALSE
	EndGlobalSection
	GlobalSection(ExtensibilityGlobals) = postSolution
		SolutionGuid = {1EC3F64D-B315-450F-A2B3-C43CE3D8EE13}
	EndGlobalSection
EndGlobal
